// !$*UTF8*$!
{
	archiveVersion = 1;
	classes = {
	};
	objectVersion = 50;
	objects = {

/* Begin PBXBuildFile section */
		47DCEF0326AF6597008DF41B /* AppDelegate.swift in Sources */ = {isa = PBXBuildFile; fileRef = 47DCEF0226AF6597008DF41B /* AppDelegate.swift */; };
		47DCEF0526AF6597008DF41B /* SceneDelegate.swift in Sources */ = {isa = PBXBuildFile; fileRef = 47DCEF0426AF6597008DF41B /* SceneDelegate.swift */; };
		47DCEF0A26AF6597008DF41B /* Main.storyboard in Resources */ = {isa = PBXBuildFile; fileRef = 47DCEF0826AF6597008DF41B /* Main.storyboard */; };
		47DCEF0C26AF6599008DF41B /* Assets.xcassets in Resources */ = {isa = PBXBuildFile; fileRef = 47DCEF0B26AF6599008DF41B /* Assets.xcassets */; };
		47DCEF0F26AF6599008DF41B /* LaunchScreen.storyboard in Resources */ = {isa = PBXBuildFile; fileRef = 47DCEF0D26AF6599008DF41B /* LaunchScreen.storyboard */; };
		47DCEF1E26AF665D008DF41B /* Person.swift in Sources */ = {isa = PBXBuildFile; fileRef = 47DCEF1D26AF665D008DF41B /* Person.swift */; };
		47DCEF2026AF66C4008DF41B /* PersonController.swift in Sources */ = {isa = PBXBuildFile; fileRef = 47DCEF1F26AF66C4008DF41B /* PersonController.swift */; };
		47DCEF2226AF677F008DF41B /* PeopleListTableViewController.swift in Sources */ = {isa = PBXBuildFile; fileRef = 47DCEF2126AF677F008DF41B /* PeopleListTableViewController.swift */; };
/* End PBXBuildFile section */

/* Begin PBXFileReference section */
		47DCEEFF26AF6597008DF41B /* Pair2.app */ = {isa = PBXFileReference; explicitFileType = wrapper.application; includeInIndex = 0; path = Pair2.app; sourceTree = BUILT_PRODUCTS_DIR; };
		47DCEF0226AF6597008DF41B /* AppDelegate.swift */ = {isa = PBXFileReference; lastKnownFileType = sourcecode.swift; path = AppDelegate.swift; sourceTree = "<group>"; };
		47DCEF0426AF6597008DF41B /* SceneDelegate.swift */ = {isa = PBXFileReference; lastKnownFileType = sourcecode.swift; path = SceneDelegate.swift; sourceTree = "<group>"; };
		47DCEF0926AF6597008DF41B /* Base */ = {isa = PBXFileReference; lastKnownFileType = file.storyboard; name = Base; path = Base.lproj/Main.storyboard; sourceTree = "<group>"; };
		47DCEF0B26AF6599008DF41B /* Assets.xcassets */ = {isa = PBXFileReference; lastKnownFileType = folder.assetcatalog; path = Assets.xcassets; sourceTree = "<group>"; };
		47DCEF0E26AF6599008DF41B /* Base */ = {isa = PBXFileReference; lastKnownFileType = file.storyboard; name = Base; path = Base.lproj/LaunchScreen.storyboard; sourceTree = "<group>"; };
		47DCEF1026AF6599008DF41B /* Info.plist */ = {isa = PBXFileReference; lastKnownFileType = text.plist.xml; path = Info.plist; sourceTree = "<group>"; };
		47DCEF1D26AF665D008DF41B /* Person.swift */ = {isa = PBXFileReference; lastKnownFileType = sourcecode.swift; path = Person.swift; sourceTree = "<group>"; };
		47DCEF1F26AF66C4008DF41B /* PersonController.swift */ = {isa = PBXFileReference; lastKnownFileType = sourcecode.swift; path = PersonController.swift; sourceTree = "<group>"; };
		47DCEF2126AF677F008DF41B /* PeopleListTableViewController.swift */ = {isa = PBXFileReference; lastKnownFileType = sourcecode.swift; path = PeopleListTableViewController.swift; sourceTree = "<group>"; };
/* End PBXFileReference section */

/* Begin PBXFrameworksBuildPhase section */
		47DCEEFC26AF6597008DF41B /* Frameworks */ = {
			isa = PBXFrameworksBuildPhase;
			buildActionMask = 2147483647;
			files = (
			);
			runOnlyForDeploymentPostprocessing = 0;
		};
/* End PBXFrameworksBuildPhase section */

/* Begin PBXGroup section */
		47DCEEF626AF6597008DF41B = {
			isa = PBXGroup;
			children = (
				47DCEF0126AF6597008DF41B /* Pair2 */,
				47DCEF0026AF6597008DF41B /* Products */,
			);
			sourceTree = "<group>";
		};
		47DCEF0026AF6597008DF41B /* Products */ = {
			isa = PBXGroup;
			children = (
				47DCEEFF26AF6597008DF41B /* Pair2.app */,
			);
			name = Products;
			sourceTree = "<group>";
		};
		47DCEF0126AF6597008DF41B /* Pair2 */ = {
			isa = PBXGroup;
			children = (
				47DCEF1C26AF664F008DF41B /* Models */,
				47DCEF1926AF6634008DF41B /* Controllers */,
				47DCEF1726AF661A008DF41B /* Views */,
				47DCEF1626AF65FC008DF41B /* Resources */,
			);
			path = Pair2;
			sourceTree = "<group>";
		};
		47DCEF1626AF65FC008DF41B /* Resources */ = {
			isa = PBXGroup;
			children = (
				47DCEF0226AF6597008DF41B /* AppDelegate.swift */,
				47DCEF0426AF6597008DF41B /* SceneDelegate.swift */,
				47DCEF0B26AF6599008DF41B /* Assets.xcassets */,
				47DCEF0D26AF6599008DF41B /* LaunchScreen.storyboard */,
				47DCEF1026AF6599008DF41B /* Info.plist */,
			);
			path = Resources;
			sourceTree = "<group>";
		};
		47DCEF1726AF661A008DF41B /* Views */ = {
			isa = PBXGroup;
			children = (
				47DCEF1826AF6620008DF41B /* Storyboards */,
			);
			path = Views;
			sourceTree = "<group>";
		};
		47DCEF1826AF6620008DF41B /* Storyboards */ = {
			isa = PBXGroup;
			children = (
				47DCEF0826AF6597008DF41B /* Main.storyboard */,
			);
			path = Storyboards;
			sourceTree = "<group>";
		};
		47DCEF1926AF6634008DF41B /* Controllers */ = {
			isa = PBXGroup;
			children = (
				47DCEF1B26AF6646008DF41B /* Model Controllers */,
				47DCEF1A26AF663F008DF41B /* View Controllers */,
			);
			path = Controllers;
			sourceTree = "<group>";
		};
		47DCEF1A26AF663F008DF41B /* View Controllers */ = {
			isa = PBXGroup;
			children = (
				47DCEF2126AF677F008DF41B /* PeopleListTableViewController.swift */,
			);
			path = "View Controllers";
			sourceTree = "<group>";
		};
		47DCEF1B26AF6646008DF41B /* Model Controllers */ = {
			isa = PBXGroup;
			children = (
				47DCEF1F26AF66C4008DF41B /* PersonController.swift */,
			);
			path = "Model Controllers";
			sourceTree = "<group>";
		};
		47DCEF1C26AF664F008DF41B /* Models */ = {
			isa = PBXGroup;
			children = (
				47DCEF1D26AF665D008DF41B /* Person.swift */,
			);
			path = Models;
			sourceTree = "<group>";
		};
/* End PBXGroup section */

/* Begin PBXNativeTarget section */
		47DCEEFE26AF6597008DF41B /* Pair2 */ = {
			isa = PBXNativeTarget;
			buildConfigurationList = 47DCEF1326AF6599008DF41B /* Build configuration list for PBXNativeTarget "Pair2" */;
			buildPhases = (
				47DCEEFB26AF6597008DF41B /* Sources */,
				47DCEEFC26AF6597008DF41B /* Frameworks */,
				47DCEEFD26AF6597008DF41B /* Resources */,
			);
			buildRules = (
			);
			dependencies = (
			);
			name = Pair2;
			productName = Pair2;
			productReference = 47DCEEFF26AF6597008DF41B /* Pair2.app */;
			productType = "com.apple.product-type.application";
		};
/* End PBXNativeTarget section */

/* Begin PBXProject section */
		47DCEEF726AF6597008DF41B /* Project object */ = {
			isa = PBXProject;
			attributes = {
				LastSwiftUpdateCheck = 1250;
				LastUpgradeCheck = 1250;
				TargetAttributes = {
					47DCEEFE26AF6597008DF41B = {
						CreatedOnToolsVersion = 12.5.1;
					};
				};
			};
			buildConfigurationList = 47DCEEFA26AF6597008DF41B /* Build configuration list for PBXProject "Pair2" */;
			compatibilityVersion = "Xcode 9.3";
			developmentRegion = en;
			hasScannedForEncodings = 0;
			knownRegions = (
				en,
				Base,
			);
			mainGroup = 47DCEEF626AF6597008DF41B;
			productRefGroup = 47DCEF0026AF6597008DF41B /* Products */;
			projectDirPath = "";
			projectRoot = "";
			targets = (
				47DCEEFE26AF6597008DF41B /* Pair2 */,
			);
		};
/* End PBXProject section */

/* Begin PBXResourcesBuildPhase section */
		47DCEEFD26AF6597008DF41B /* Resources */ = {
			isa = PBXResourcesBuildPhase;
			buildActionMask = 2147483647;
			files = (
				47DCEF0F26AF6599008DF41B /* LaunchScreen.storyboard in Resources */,
				47DCEF0C26AF6599008DF41B /* Assets.xcassets in Resources */,
				47DCEF0A26AF6597008DF41B /* Main.storyboard in Resources */,
			);
			runOnlyForDeploymentPostprocessing = 0;
		};
/* End PBXResourcesBuildPhase section */

/* Begin PBXSourcesBuildPhase section */
		47DCEEFB26AF6597008DF41B /* Sources */ = {
			isa = PBXSourcesBuildPhase;
			buildActionMask = 2147483647;
			files = (
				47DCEF2026AF66C4008DF41B /* PersonController.swift in Sources */,
				47DCEF1E26AF665D008DF41B /* Person.swift in Sources */,
				47DCEF0326AF6597008DF41B /* AppDelegate.swift in Sources */,
				47DCEF0526AF6597008DF41B /* SceneDelegate.swift in Sources */,
				47DCEF2226AF677F008DF41B /* PeopleListTableViewController.swift in Sources */,
			);
			runOnlyForDeploymentPostprocessing = 0;
		};
/* End PBXSourcesBuildPhase section */

/* Begin PBXVariantGroup section */
		47DCEF0826AF6597008DF41B /* Main.storyboard */ = {
			isa = PBXVariantGroup;
			children = (
				47DCEF0926AF6597008DF41B /* Base */,
			);
			name = Main.storyboard;
			sourceTree = "<group>";
		};
		47DCEF0D26AF6599008DF41B /* LaunchScreen.storyboard */ = {
			isa = PBXVariantGroup;
			children = (
				47DCEF0E26AF6599008DF41B /* Base */,
			);
			name = LaunchScreen.storyboard;
			sourceTree = "<group>";
		};
/* End PBXVariantGroup section */

/* Begin XCBuildConfiguration section */
		47DCEF1126AF6599008DF41B /* Debug */ = {
			isa = XCBuildConfiguration;
			buildSettings = {
				ALWAYS_SEARCH_USER_PATHS = NO;
				CLANG_ANALYZER_NONNULL = YES;
				CLANG_ANALYZER_NUMBER_OBJECT_CONVERSION = YES_AGGRESSIVE;
				CLANG_CXX_LANGUAGE_STANDARD = "gnu++14";
				CLANG_CXX_LIBRARY = "libc++";
				CLANG_ENABLE_MODULES = YES;
				CLANG_ENABLE_OBJC_ARC = YES;
				CLANG_ENABLE_OBJC_WEAK = YES;
				CLANG_WARN_BLOCK_CAPTURE_AUTORELEASING = YES;
				CLANG_WARN_BOOL_CONVERSION = YES;
				CLANG_WARN_COMMA = YES;
				CLANG_WARN_CONSTANT_CONVERSION = YES;
				CLANG_WARN_DEPRECATED_OBJC_IMPLEMENTATIONS = YES;
				CLANG_WARN_DIRECT_OBJC_ISA_USAGE = YES_ERROR;
				CLANG_WARN_DOCUMENTATION_COMMENTS = YES;
				CLANG_WARN_EMPTY_BODY = YES;
				CLANG_WARN_ENUM_CONVERSION = YES;
				CLANG_WARN_INFINITE_RECURSION = YES;
				CLANG_WARN_INT_CONVERSION = YES;
				CLANG_WARN_NON_LITERAL_NULL_CONVERSION = YES;
				CLANG_WARN_OBJC_IMPLICIT_RETAIN_SELF = YES;
				CLANG_WARN_OBJC_LITERAL_CONVERSION = YES;
				CLANG_WARN_OBJC_ROOT_CLASS = YES_ERROR;
				CLANG_WARN_QUOTED_INCLUDE_IN_FRAMEWORK_HEADER = YES;
				CLANG_WARN_RANGE_LOOP_ANALYSIS = YES;
				CLANG_WARN_STRICT_PROTOTYPES = YES;
				CLANG_WARN_SUSPICIOUS_MOVE = YES;
				CLANG_WARN_UNGUARDED_AVAILABILITY = YES_AGGRESSIVE;
				CLANG_WARN_UNREACHABLE_CODE = YES;
				CLANG_WARN__DUPLICATE_METHOD_MATCH = YES;
				COPY_PHASE_STRIP = NO;
				DEBUG_INFORMATION_FORMAT = dwarf;
				ENABLE_STRICT_OBJC_MSGSEND = YES;
				ENABLE_TESTABILITY = YES;
				GCC_C_LANGUAGE_STANDARD = gnu11;
				GCC_DYNAMIC_NO_PIC = NO;
				GCC_NO_COMMON_BLOCKS = YES;
				GCC_OPTIMIZATION_LEVEL = 0;
				GCC_PREPROCESSOR_DEFINITIONS = (
					"DEBUG=1",
					"$(inherited)",
				);
				GCC_WARN_64_TO_32_BIT_CONVERSION = YES;
				GCC_WARN_ABOUT_RETURN_TYPE = YES_ERROR;
				GCC_WARN_UNDECLARED_SELECTOR = YES;
				GCC_WARN_UNINITIALIZED_AUTOS = YES_AGGRESSIVE;
				GCC_WARN_UNUSED_FUNCTION = YES;
				GCC_WARN_UNUSED_VARIABLE = YES;
				IPHONEOS_DEPLOYMENT_TARGET = 14.5;
				MTL_ENABLE_DEBUG_INFO = INCLUDE_SOURCE;
				MTL_FAST_MATH = YES;
				ONLY_ACTIVE_ARCH = YES;
				SDKROOT = iphoneos;
				SWIFT_ACTIVE_COMPILATION_CONDITIONS = DEBUG;
				SWIFT_OPTIMIZATION_LEVEL = "-Onone";
			};
			name = Debug;
		};
		47DCEF1226AF6599008DF41B /* Release */ = {
			isa = XCBuildConfiguration;
			buildSettings = {
				ALWAYS_SEARCH_USER_PATHS = NO;
				CLANG_ANALYZER_NONNULL = YES;
				CLANG_ANALYZER_NUMBER_OBJECT_CONVERSION = YES_AGGRESSIVE;
				CLANG_CXX_LANGUAGE_STANDARD = "gnu++14";
				CLANG_CXX_LIBRARY = "libc++";
				CLANG_ENABLE_MODULES = YES;
				CLANG_ENABLE_OBJC_ARC = YES;
				CLANG_ENABLE_OBJC_WEAK = YES;
				CLANG_WARN_BLOCK_CAPTURE_AUTORELEASING = YES;
				CLANG_WARN_BOOL_CONVERSION = YES;
				CLANG_WARN_COMMA = YES;
				CLANG_WARN_CONSTANT_CONVERSION = YES;
				CLANG_WARN_DEPRECATED_OBJC_IMPLEMENTATIONS = YES;
				CLANG_WARN_DIRECT_OBJC_ISA_USAGE = YES_ERROR;
				CLANG_WARN_DOCUMENTATION_COMMENTS = YES;
				CLANG_WARN_EMPTY_BODY = YES;
				CLANG_WARN_ENUM_CONVERSION = YES;
				CLANG_WARN_INFINITE_RECURSION = YES;
				CLANG_WARN_INT_CONVERSION = YES;
				CLANG_WARN_NON_LITERAL_NULL_CONVERSION = YES;
				CLANG_WARN_OBJC_IMPLICIT_RETAIN_SELF = YES;
				CLANG_WARN_OBJC_LITERAL_CONVERSION = YES;
				CLANG_WARN_OBJC_ROOT_CLASS = YES_ERROR;
				CLANG_WARN_QUOTED_INCLUDE_IN_FRAMEWORK_HEADER = YES;
				CLANG_WARN_RANGE_LOOP_ANALYSIS = YES;
				CLANG_WARN_STRICT_PROTOTYPES = YES;
				CLANG_WARN_SUSPICIOUS_MOVE = YES;
				CLANG_WARN_UNGUARDED_AVAILABILITY = YES_AGGRESSIVE;
				CLANG_WARN_UNREACHABLE_CODE = YES;
				CLANG_WARN__DUPLICATE_METHOD_MATCH = YES;
				COPY_PHASE_STRIP = NO;
				DEBUG_INFORMATION_FORMAT = "dwarf-with-dsym";
				ENABLE_NS_ASSERTIONS = NO;
				ENABLE_STRICT_OBJC_MSGSEND = YES;
				GCC_C_LANGUAGE_STANDARD = gnu11;
				GCC_NO_COMMON_BLOCKS = YES;
				GCC_WARN_64_TO_32_BIT_CONVERSION = YES;
				GCC_WARN_ABOUT_RETURN_TYPE = YES_ERROR;
				GCC_WARN_UNDECLARED_SELECTOR = YES;
				GCC_WARN_UNINITIALIZED_AUTOS = YES_AGGRESSIVE;
				GCC_WARN_UNUSED_FUNCTION = YES;
				GCC_WARN_UNUSED_VARIABLE = YES;
				IPHONEOS_DEPLOYMENT_TARGET = 14.5;
				MTL_ENABLE_DEBUG_INFO = NO;
				MTL_FAST_MATH = YES;
				SDKROOT = iphoneos;
				SWIFT_COMPILATION_MODE = wholemodule;
				SWIFT_OPTIMIZATION_LEVEL = "-O";
				VALIDATE_PRODUCT = YES;
			};
			name = Release;
		};
		47DCEF1426AF6599008DF41B /* Debug */ = {
			isa = XCBuildConfiguration;
			buildSettings = {
				ASSETCATALOG_COMPILER_APPICON_NAME = AppIcon;
				ASSETCATALOG_COMPILER_GLOBAL_ACCENT_COLOR_NAME = AccentColor;
				CODE_SIGN_STYLE = Automatic;
				DEVELOPMENT_TEAM = GYNXZXJMPR;
				INFOPLIST_FILE = Pair2/Resources/Info.plist;
				LD_RUNPATH_SEARCH_PATHS = (
					"$(inherited)",
					"@executable_path/Frameworks",
				);
				PRODUCT_BUNDLE_IDENTIFIER = com.brysonjones.Pair2;
				PRODUCT_NAME = "$(TARGET_NAME)";
				SWIFT_VERSION = 5.0;
				TARGETED_DEVICE_FAMILY = "1,2";
			};
			name = Debug;
		};
		47DCEF1526AF6599008DF41B /* Release */ = {
			isa = XCBuildConfiguration;
			buildSettings = {
				ASSETCATALOG_COMPILER_APPICON_NAME = AppIcon;
				ASSETCATALOG_COMPILER_GLOBAL_ACCENT_COLOR_NAME = AccentColor;
				CODE_SIGN_STYLE = Automatic;
				DEVELOPMENT_TEAM = GYNXZXJMPR;
				INFOPLIST_FILE = Pair2/Resources/Info.plist;
				LD_RUNPATH_SEARCH_PATHS = (
					"$(inherited)",
					"@executable_path/Frameworks",
				);
				PRODUCT_BUNDLE_IDENTIFIER = com.brysonjones.Pair2;
				PRODUCT_NAME = "$(TARGET_NAME)";
				SWIFT_VERSION = 5.0;
				TARGETED_DEVICE_FAMILY = "1,2";
			};
			name = Release;
		};
/* End XCBuildConfiguration section */

/* Begin XCConfigurationList section */
		47DCEEFA26AF6597008DF41B /* Build configuration list for PBXProject "Pair2" */ = {
			isa = XCConfigurationList;
			buildConfigurations = (
				47DCEF1126AF6599008DF41B /* Debug */,
				47DCEF1226AF6599008DF41B /* Release */,
			);
			defaultConfigurationIsVisible = 0;
			defaultConfigurationName = Release;
		};
		47DCEF1326AF6599008DF41B /* Build configuration list for PBXNativeTarget "Pair2" */ = {
			isa = XCConfigurationList;
			buildConfigurations = (
				47DCEF1426AF6599008DF41B /* Debug */,
				47DCEF1526AF6599008DF41B /* Release */,
			);
			defaultConfigurationIsVisible = 0;
			defaultConfigurationName = Release;
		};
/* End XCConfigurationList section */
	};
	rootObject = 47DCEEF726AF6597008DF41B /* Project object */;
}
